<Solution>
  <Folder Name="/src/" />
  <Folder Name="/src/API/">
    <Project Path="JobManagement.Api/JobManagement.Api.csproj" Id="e38bf7dd-e862-427f-8c3f-d6382bf4d06d" />
  </Folder>
  <Folder Name="/src/Core/">
    <Project Path="JobManagement.Application/JobManagement.Application.csproj" />
    <Project Path="JobManagement.Domain/JobManagement.Domain.csproj" />
  </Folder>
  <Folder Name="/src/Infrastructure/">
    <Project Path="JobManagement.Identity/JobManagement.Identity.csproj" Id="5d211a33-7c1a-4c59-b1db-79f48aee417b" />
    <Project Path="JobManagement.Infrastructure/JobManagement.Infrastructure.csproj" />
    <Project Path="JobManagement.Persistence/JobManagement.Persistence.csproj" />
  </Folder>
</Solution>
